// !$*UTF8*$!
{
	archiveVersion = 1;
	classes = {
	};
	objectVersion = 50;
	objects = {

/* Begin PBXBuildFile section */
		957812C0255E42A800F8993B /* AppDelegate.swift in Sources */ = {isa = PBXBuildFile; fileRef = 957812BF255E42A800F8993B /* AppDelegate.swift */; };
		957812C2255E42A800F8993B /* ViewController.swift in Sources */ = {isa = PBXBuildFile; fileRef = 957812C1255E42A800F8993B /* ViewController.swift */; };
		957812C5255E42A800F8993B /* Main.storyboard in Resources */ = {isa = PBXBuildFile; fileRef = 957812C3255E42A800F8993B /* Main.storyboard */; };
		957812C7255E42AB00F8993B /* Assets.xcassets in Resources */ = {isa = PBXBuildFile; fileRef = 957812C6255E42AB00F8993B /* Assets.xcassets */; };
		957812CA255E42AB00F8993B /* LaunchScreen.storyboard in Resources */ = {isa = PBXBuildFile; fileRef = 957812C8255E42AB00F8993B /* LaunchScreen.storyboard */; };
		957812D3255E465A00F8993B /* Constant.swift in Sources */ = {isa = PBXBuildFile; fileRef = 957812D2255E465A00F8993B /* Constant.swift */; };
		957812D5255E84EC00F8993B /* Extensions.swift in Sources */ = {isa = PBXBuildFile; fileRef = 957812D4255E84EC00F8993B /* Extensions.swift */; };
/* End PBXBuildFile section */

/* Begin PBXFileReference section */
		957812BC255E42A800F8993B /* emailSignIn.app */ = {isa = PBXFileReference; explicitFileType = wrapper.application; includeInIndex = 0; path = emailSignIn.app; sourceTree = BUILT_PRODUCTS_DIR; };
		957812BF255E42A800F8993B /* AppDelegate.swift */ = {isa = PBXFileReference; lastKnownFileType = sourcecode.swift; path = AppDelegate.swift; sourceTree = "<group>"; };
		957812C1255E42A800F8993B /* ViewController.swift */ = {isa = PBXFileReference; lastKnownFileType = sourcecode.swift; path = ViewController.swift; sourceTree = "<group>"; };
		957812C4255E42A800F8993B /* Base */ = {isa = PBXFileReference; lastKnownFileType = file.storyboard; name = Base; path = Base.lproj/Main.storyboard; sourceTree = "<group>"; };
		957812C6255E42AB00F8993B /* Assets.xcassets */ = {isa = PBXFileReference; lastKnownFileType = folder.assetcatalog; path = Assets.xcassets; sourceTree = "<group>"; };
		957812C9255E42AB00F8993B /* Base */ = {isa = PBXFileReference; lastKnownFileType = file.storyboard; name = Base; path = Base.lproj/LaunchScreen.storyboard; sourceTree = "<group>"; };
		957812CB255E42AB00F8993B /* Info.plist */ = {isa = PBXFileReference; lastKnownFileType = text.plist.xml; path = Info.plist; sourceTree = "<group>"; };
		957812D2255E465A00F8993B /* Constant.swift */ = {isa = PBXFileReference; lastKnownFileType = sourcecode.swift; path = Constant.swift; sourceTree = "<group>"; };
		957812D4255E84EC00F8993B /* Extensions.swift */ = {isa = PBXFileReference; lastKnownFileType = sourcecode.swift; path = Extensions.swift; sourceTree = "<group>"; };
/* End PBXFileReference section */

/* Begin PBXFrameworksBuildPhase section */
		957812B9255E42A800F8993B /* Frameworks */ = {
			isa = PBXFrameworksBuildPhase;
			buildActionMask = 2147483647;
			files = (
			);
			runOnlyForDeploymentPostprocessing = 0;
		};
/* End PBXFrameworksBuildPhase section */

/* Begin PBXGroup section */
		957812B3255E42A800F8993B = {
			isa = PBXGroup;
			children = (
				957812BE255E42A800F8993B /* emailSignIn */,
				957812BD255E42A800F8993B /* Products */,
			);
			sourceTree = "<group>";
		};
		957812BD255E42A800F8993B /* Products */ = {
			isa = PBXGroup;
			children = (
				957812BC255E42A800F8993B /* emailSignIn.app */,
			);
			name = Products;
			sourceTree = "<group>";
		};
		957812BE255E42A800F8993B /* emailSignIn */ = {
			isa = PBXGroup;
			children = (
				957812D1255E462800F8993B /* Utils */,
				957812BF255E42A800F8993B /* AppDelegate.swift */,
				957812C1255E42A800F8993B /* ViewController.swift */,
				957812C3255E42A800F8993B /* Main.storyboard */,
				957812C6255E42AB00F8993B /* Assets.xcassets */,
				957812C8255E42AB00F8993B /* LaunchScreen.storyboard */,
				957812CB255E42AB00F8993B /* Info.plist */,
			);
			path = emailSignIn;
			sourceTree = "<group>";
		};
		957812D1255E462800F8993B /* Utils */ = {
			isa = PBXGroup;
			children = (
				957812D2255E465A00F8993B /* Constant.swift */,
				957812D4255E84EC00F8993B /* Extensions.swift */,
			);
			path = Utils;
			sourceTree = "<group>";
		};
/* End PBXGroup section */

/* Begin PBXNativeTarget section */
		957812BB255E42A800F8993B /* emailSignIn */ = {
			isa = PBXNativeTarget;
			buildConfigurationList = 957812CE255E42AB00F8993B /* Build configuration list for PBXNativeTarget "emailSignIn" */;
			buildPhases = (
				957812B8255E42A800F8993B /* Sources */,
				957812B9255E42A800F8993B /* Frameworks */,
				957812BA255E42A800F8993B /* Resources */,
			);
			buildRules = (
			);
			dependencies = (
			);
			name = emailSignIn;
			productName = emailSignIn;
			productReference = 957812BC255E42A800F8993B /* emailSignIn.app */;
			productType = "com.apple.product-type.application";
		};
/* End PBXNativeTarget section */

/* Begin PBXProject section */
		957812B4255E42A800F8993B /* Project object */ = {
			isa = PBXProject;
			attributes = {
				LastSwiftUpdateCheck = 1010;
				LastUpgradeCheck = 1010;
				ORGANIZATIONNAME = "Hy Horng";
				TargetAttributes = {
					957812BB255E42A800F8993B = {
						CreatedOnToolsVersion = 10.1;
					};
				};
			};
			buildConfigurationList = 957812B7255E42A800F8993B /* Build configuration list for PBXProject "emailSignIn" */;
			compatibilityVersion = "Xcode 9.3";
			developmentRegion = en;
			hasScannedForEncodings = 0;
			knownRegions = (
				en,
				Base,
			);
			mainGroup = 957812B3255E42A800F8993B;
			productRefGroup = 957812BD255E42A800F8993B /* Products */;
			projectDirPath = "";
			projectRoot = "";
			targets = (
				957812BB255E42A800F8993B /* emailSignIn */,
			);
		};
/* End PBXProject section */

/* Begin PBXResourcesBuildPhase section */
		957812BA255E42A800F8993B /* Resources */ = {
			isa = PBXResourcesBuildPhase;
			buildActionMask = 2147483647;
			files = (
				957812CA255E42AB00F8993B /* LaunchScreen.storyboard in Resources */,
				957812C7255E42AB00F8993B /* Assets.xcassets in Resources */,
				957812C5255E42A800F8993B /* Main.storyboard in Resources */,
			);
			runOnlyForDeploymentPostprocessing = 0;
		};
/* End PBXResourcesBuildPhase section */

/* Begin PBXSourcesBuildPhase section */
		957812B8255E42A800F8993B /* Sources */ = {
			isa = PBXSourcesBuildPhase;
			buildActionMask = 2147483647;
			files = (
				957812C2255E42A800F8993B /* ViewController.swift in Sources */,
				957812C0255E42A800F8993B /* AppDelegate.swift in Sources */,
				957812D3255E465A00F8993B /* Constant.swift in Sources */,
				957812D5255E84EC00F8993B /* Extensions.swift in Sources */,
			);
			runOnlyForDeploymentPostprocessing = 0;
		};
/* End PBXSourcesBuildPhase section */

/* Begin PBXVariantGroup section */
		957812C3255E42A800F8993B /* Main.storyboard */ = {
			isa = PBXVariantGroup;
			children = (
				957812C4255E42A800F8993B /* Base */,
			);
			name = Main.storyboard;
			sourceTree = "<group>";
		};
		957812C8255E42AB00F8993B /* LaunchScreen.storyboard */ = {
			isa = PBXVariantGroup;
			children = (
				957812C9255E42AB00F8993B /* Base */,
			);
			name = LaunchScreen.storyboard;
			sourceTree = "<group>";
		};
/* End PBXVariantGroup section */

/* Begin XCBuildConfiguration section */
		957812CC255E42AB00F8993B /* Debug */ = {
			isa = XCBuildConfiguration;
			buildSettings = {
				ALWAYS_SEARCH_USER_PATHS = NO;
				CLANG_ANALYZER_NONNULL = YES;
				CLANG_ANALYZER_NUMBER_OBJECT_CONVERSION = YES_AGGRESSIVE;
				CLANG_CXX_LANGUAGE_STANDARD = "gnu++14";
				CLANG_CXX_LIBRARY = "libc++";
				CLANG_ENABLE_MODULES = YES;
				CLANG_ENABLE_OBJC_ARC = YES;
				CLANG_ENABLE_OBJC_WEAK = YES;
				CLANG_WARN_BLOCK_CAPTURE_AUTORELEASING = YES;
				CLANG_WARN_BOOL_CONVERSION = YES;
				CLANG_WARN_COMMA = YES;
				CLANG_WARN_CONSTANT_CONVERSION = YES;
				CLANG_WARN_DEPRECATED_OBJC_IMPLEMENTATIONS = YES;
				CLANG_WARN_DIRECT_OBJC_ISA_USAGE = YES_ERROR;
				CLANG_WARN_DOCUMENTATION_COMMENTS = YES;
				CLANG_WARN_EMPTY_BODY = YES;
				CLANG_WARN_ENUM_CONVERSION = YES;
				CLANG_WARN_INFINITE_RECURSION = YES;
				CLANG_WARN_INT_CONVERSION = YES;
				CLANG_WARN_NON_LITERAL_NULL_CONVERSION = YES;
				CLANG_WARN_OBJC_IMPLICIT_RETAIN_SELF = YES;
				CLANG_WARN_OBJC_LITERAL_CONVERSION = YES;
				CLANG_WARN_OBJC_ROOT_CLASS = YES_ERROR;
				CLANG_WARN_RANGE_LOOP_ANALYSIS = YES;
				CLANG_WARN_STRICT_PROTOTYPES = YES;
				CLANG_WARN_SUSPICIOUS_MOVE = YES;
				CLANG_WARN_UNGUARDED_AVAILABILITY = YES_AGGRESSIVE;
				CLANG_WARN_UNREACHABLE_CODE = YES;
				CLANG_WARN__DUPLICATE_METHOD_MATCH = YES;
				CODE_SIGN_IDENTITY = "iPhone Developer";
				COPY_PHASE_STRIP = NO;
				DEBUG_INFORMATION_FORMAT = dwarf;
				ENABLE_STRICT_OBJC_MSGSEND = YES;
				ENABLE_TESTABILITY = YES;
				GCC_C_LANGUAGE_STANDARD = gnu11;
				GCC_DYNAMIC_NO_PIC = NO;
				GCC_NO_COMMON_BLOCKS = YES;
				GCC_OPTIMIZATION_LEVEL = 0;
				GCC_PREPROCESSOR_DEFINITIONS = (
					"DEBUG=1",
					"$(inherited)",
				);
				GCC_WARN_64_TO_32_BIT_CONVERSION = YES;
				GCC_WARN_ABOUT_RETURN_TYPE = YES_ERROR;
				GCC_WARN_UNDECLARED_SELECTOR = YES;
				GCC_WARN_UNINITIALIZED_AUTOS = YES_AGGRESSIVE;
				GCC_WARN_UNUSED_FUNCTION = YES;
				GCC_WARN_UNUSED_VARIABLE = YES;
				IPHONEOS_DEPLOYMENT_TARGET = 12.1;
				MTL_ENABLE_DEBUG_INFO = INCLUDE_SOURCE;
				MTL_FAST_MATH = YES;
				ONLY_ACTIVE_ARCH = YES;
				SDKROOT = iphoneos;
				SWIFT_ACTIVE_COMPILATION_CONDITIONS = DEBUG;
				SWIFT_OPTIMIZATION_LEVEL = "-Onone";
			};
			name = Debug;
		};
		957812CD255E42AB00F8993B /* Release */ = {
			isa = XCBuildConfiguration;
			buildSettings = {
				ALWAYS_SEARCH_USER_PATHS = NO;
				CLANG_ANALYZER_NONNULL = YES;
				CLANG_ANALYZER_NUMBER_OBJECT_CONVERSION = YES_AGGRESSIVE;
				CLANG_CXX_LANGUAGE_STANDARD = "gnu++14";
				CLANG_CXX_LIBRARY = "libc++";
				CLANG_ENABLE_MODULES = YES;
				CLANG_ENABLE_OBJC_ARC = YES;
				CLANG_ENABLE_OBJC_WEAK = YES;
				CLANG_WARN_BLOCK_CAPTURE_AUTORELEASING = YES;
				CLANG_WARN_BOOL_CONVERSION = YES;
				CLANG_WARN_COMMA = YES;
				CLANG_WARN_CONSTANT_CONVERSION = YES;
				CLANG_WARN_DEPRECATED_OBJC_IMPLEMENTATIONS = YES;
				CLANG_WARN_DIRECT_OBJC_ISA_USAGE = YES_ERROR;
				CLANG_WARN_DOCUMENTATION_COMMENTS = YES;
				CLANG_WARN_EMPTY_BODY = YES;
				CLANG_WARN_ENUM_CONVERSION = YES;
				CLANG_WARN_INFINITE_RECURSION = YES;
				CLANG_WARN_INT_CONVERSION = YES;
				CLANG_WARN_NON_LITERAL_NULL_CONVERSION = YES;
				CLANG_WARN_OBJC_IMPLICIT_RETAIN_SELF = YES;
				CLANG_WARN_OBJC_LITERAL_CONVERSION = YES;
				CLANG_WARN_OBJC_ROOT_CLASS = YES_ERROR;
				CLANG_WARN_RANGE_LOOP_ANALYSIS = YES;
				CLANG_WARN_STRICT_PROTOTYPES = YES;
				CLANG_WARN_SUSPICIOUS_MOVE = YES;
				CLANG_WARN_UNGUARDED_AVAILABILITY = YES_AGGRESSIVE;
				CLANG_WARN_UNREACHABLE_CODE = YES;
				CLANG_WARN__DUPLICATE_METHOD_MATCH = YES;
				CODE_SIGN_IDENTITY = "iPhone Developer";
				COPY_PHASE_STRIP = NO;
				DEBUG_INFORMATION_FORMAT = "dwarf-with-dsym";
				ENABLE_NS_ASSERTIONS = NO;
				ENABLE_STRICT_OBJC_MSGSEND = YES;
				GCC_C_LANGUAGE_STANDARD = gnu11;
				GCC_NO_COMMON_BLOCKS = YES;
				GCC_WARN_64_TO_32_BIT_CONVERSION = YES;
				GCC_WARN_ABOUT_RETURN_TYPE = YES_ERROR;
				GCC_WARN_UNDECLARED_SELECTOR = YES;
				GCC_WARN_UNINITIALIZED_AUTOS = YES_AGGRESSIVE;
				GCC_WARN_UNUSED_FUNCTION = YES;
				GCC_WARN_UNUSED_VARIABLE = YES;
				IPHONEOS_DEPLOYMENT_TARGET = 12.1;
				MTL_ENABLE_DEBUG_INFO = NO;
				MTL_FAST_MATH = YES;
				SDKROOT = iphoneos;
				SWIFT_COMPILATION_MODE = wholemodule;
				SWIFT_OPTIMIZATION_LEVEL = "-O";
				VALIDATE_PRODUCT = YES;
			};
			name = Release;
		};
		957812CF255E42AB00F8993B /* Debug */ = {
			isa = XCBuildConfiguration;
			buildSettings = {
				ASSETCATALOG_COMPILER_APPICON_NAME = AppIcon;
				CODE_SIGN_STYLE = Automatic;
				INFOPLIST_FILE = emailSignIn/Info.plist;
				LD_RUNPATH_SEARCH_PATHS = (
					"$(inherited)",
					"@executable_path/Frameworks",
				);
				PRODUCT_BUNDLE_IDENTIFIER = Raveware.emailSignIn;
				PRODUCT_NAME = "$(TARGET_NAME)";
				SWIFT_VERSION = 4.2;
				TARGETED_DEVICE_FAMILY = "1,2";
			};
			name = Debug;
		};
		957812D0255E42AB00F8993B /* Release */ = {
			isa = XCBuildConfiguration;
			buildSettings = {
				ASSETCATALOG_COMPILER_APPICON_NAME = AppIcon;
				CODE_SIGN_STYLE = Automatic;
				INFOPLIST_FILE = emailSignIn/Info.plist;
				LD_RUNPATH_SEARCH_PATHS = (
					"$(inherited)",
					"@executable_path/Frameworks",
				);
				PRODUCT_BUNDLE_IDENTIFIER = Raveware.emailSignIn;
				PRODUCT_NAME = "$(TARGET_NAME)";
				SWIFT_VERSION = 4.2;
				TARGETED_DEVICE_FAMILY = "1,2";
			};
			name = Release;
		};
/* End XCBuildConfiguration section */

/* Begin XCConfigurationList section */
		957812B7255E42A800F8993B /* Build configuration list for PBXProject "emailSignIn" */ = {
			isa = XCConfigurationList;
			buildConfigurations = (
				957812CC255E42AB00F8993B /* Debug */,
				957812CD255E42AB00F8993B /* Release */,
			);
			defaultConfigurationIsVisible = 0;
			defaultConfigurationName = Release;
		};
		957812CE255E42AB00F8993B /* Build configuration list for PBXNativeTarget "emailSignIn" */ = {
			isa = XCConfigurationList;
			buildConfigurations = (
				957812CF255E42AB00F8993B /* Debug */,
				957812D0255E42AB00F8993B /* Release */,
			);
			defaultConfigurationIsVisible = 0;
			defaultConfigurationName = Release;
		};
/* End XCConfigurationList section */
	};
	rootObject = 957812B4255E42A800F8993B /* Project object */;
}
