PODS:
  - Alamofire (4.9.1)
  - Localize-Swift (3.2.0):
    - Localize-Swift/LocalizeSwiftCore (= 3.2.0)
    - Localize-Swift/UIKit (= 3.2.0)
  - Localize-Swift/LocalizeSwiftCore (3.2.0)
  - Localize-Swift/UIKit (3.2.0):
    - Localize-Swift/LocalizeSwiftCore
  - SideMenu (5.0.3)
  - SwiftyJSON (4.3.0)

DEPENDENCIES:
  - Alamofire (~> 4.2)
  - Localize-Swift (~> 3.2)
  - SideMenu (~> 5.0)
  - SwiftyJSON (~> 4.0)

SPEC REPOS:
  trunk:
    - Alamofire
    - Localize-Swift
    - SideMenu
    - SwiftyJSON

SPEC CHECKSUMS:
  Alamofire: 85e8a02c69d6020a0d734f6054870d7ecb75cf18
  Localize-Swift: 6f4475136bdb0d7b2882ea3d4ea919d70142b232
  SideMenu: 1dcaabce84538c53325c287f7fe62999379a641c
  SwiftyJSON: 6faa0040f8b59dead0ee07436cbf76b73c08fd08

PODFILE CHECKSUM: 0012b85b533d2738a2ef48fbcf0a1f5c4cd34cdd

COCOAPODS: 1.9.3
