// !$*UTF8*$!
{
	archiveVersion = 1;
	classes = {
	};
	objectVersion = 51;
	objects = {

/* Begin PBXBuildFile section */
		952123D3255A2EBB00E547B5 /* AppDelegate.swift in Sources */ = {isa = PBXBuildFile; fileRef = 952123D2255A2EBB00E547B5 /* AppDelegate.swift */; };
		952123D5255A2EBB00E547B5 /* ViewController.swift in Sources */ = {isa = PBXBuildFile; fileRef = 952123D4255A2EBB00E547B5 /* ViewController.swift */; };
		952123D8255A2EBB00E547B5 /* Main.storyboard in Resources */ = {isa = PBXBuildFile; fileRef = 952123D6255A2EBB00E547B5 /* Main.storyboard */; };
		952123DA255A2EBE00E547B5 /* Assets.xcassets in Resources */ = {isa = PBXBuildFile; fileRef = 952123D9255A2EBE00E547B5 /* Assets.xcassets */; };
		952123DD255A2EBE00E547B5 /* LaunchScreen.storyboard in Resources */ = {isa = PBXBuildFile; fileRef = 952123DB255A2EBE00E547B5 /* LaunchScreen.storyboard */; };
		952123E5255A3E4500E547B5 /* MapVC.swift in Sources */ = {isa = PBXBuildFile; fileRef = 952123E4255A3E4500E547B5 /* MapVC.swift */; };
		E0F86F893508E11F0D9884ED /* Pods_gApp.framework in Frameworks */ = {isa = PBXBuildFile; fileRef = 9394AF8D1D956BF1056B0005 /* Pods_gApp.framework */; settings = {ATTRIBUTES = (Required, ); }; };
/* End PBXBuildFile section */

/* Begin PBXFileReference section */
		10082C360E3D48D9D98985CA /* Pods-gApp.release.xcconfig */ = {isa = PBXFileReference; includeInIndex = 1; lastKnownFileType = text.xcconfig; name = "Pods-gApp.release.xcconfig"; path = "Target Support Files/Pods-gApp/Pods-gApp.release.xcconfig"; sourceTree = "<group>"; };
		9394AF8D1D956BF1056B0005 /* Pods_gApp.framework */ = {isa = PBXFileReference; explicitFileType = wrapper.framework; includeInIndex = 0; path = Pods_gApp.framework; sourceTree = BUILT_PRODUCTS_DIR; };
		952123CF255A2EBB00E547B5 /* gApp.app */ = {isa = PBXFileReference; explicitFileType = wrapper.application; includeInIndex = 0; path = gApp.app; sourceTree = BUILT_PRODUCTS_DIR; };
		952123D2255A2EBB00E547B5 /* AppDelegate.swift */ = {isa = PBXFileReference; lastKnownFileType = sourcecode.swift; path = AppDelegate.swift; sourceTree = "<group>"; };
		952123D4255A2EBB00E547B5 /* ViewController.swift */ = {isa = PBXFileReference; lastKnownFileType = sourcecode.swift; path = ViewController.swift; sourceTree = "<group>"; };
		952123D7255A2EBB00E547B5 /* Base */ = {isa = PBXFileReference; lastKnownFileType = file.storyboard; name = Base; path = Base.lproj/Main.storyboard; sourceTree = "<group>"; };
		952123D9255A2EBE00E547B5 /* Assets.xcassets */ = {isa = PBXFileReference; lastKnownFileType = folder.assetcatalog; path = Assets.xcassets; sourceTree = "<group>"; };
		952123DC255A2EBE00E547B5 /* Base */ = {isa = PBXFileReference; lastKnownFileType = file.storyboard; name = Base; path = Base.lproj/LaunchScreen.storyboard; sourceTree = "<group>"; };
		952123DE255A2EBE00E547B5 /* Info.plist */ = {isa = PBXFileReference; lastKnownFileType = text.plist.xml; path = Info.plist; sourceTree = "<group>"; };
		952123E4255A3E4500E547B5 /* MapVC.swift */ = {isa = PBXFileReference; lastKnownFileType = sourcecode.swift; path = MapVC.swift; sourceTree = "<group>"; };
		A46E34AB503A656823381170 /* Pods-gApp.debug.xcconfig */ = {isa = PBXFileReference; includeInIndex = 1; lastKnownFileType = text.xcconfig; name = "Pods-gApp.debug.xcconfig"; path = "Target Support Files/Pods-gApp/Pods-gApp.debug.xcconfig"; sourceTree = "<group>"; };
/* End PBXFileReference section */

/* Begin PBXFrameworksBuildPhase section */
		952123CC255A2EBB00E547B5 /* Frameworks */ = {
			isa = PBXFrameworksBuildPhase;
			buildActionMask = 2147483647;
			files = (
				E0F86F893508E11F0D9884ED /* Pods_gApp.framework in Frameworks */,
			);
			runOnlyForDeploymentPostprocessing = 0;
		};
/* End PBXFrameworksBuildPhase section */

/* Begin PBXGroup section */
		952123C6255A2EBB00E547B5 = {
			isa = PBXGroup;
			children = (
				952123D1255A2EBB00E547B5 /* gApp */,
				952123D0255A2EBB00E547B5 /* Products */,
				BC505A2F3D7A21C3D959E48C /* Pods */,
				C58DFCE3E0D5DBE249C0EE30 /* Frameworks */,
			);
			sourceTree = "<group>";
		};
		952123D0255A2EBB00E547B5 /* Products */ = {
			isa = PBXGroup;
			children = (
				952123CF255A2EBB00E547B5 /* gApp.app */,
			);
			name = Products;
			sourceTree = "<group>";
		};
		952123D1255A2EBB00E547B5 /* gApp */ = {
			isa = PBXGroup;
			children = (
				952123D2255A2EBB00E547B5 /* AppDelegate.swift */,
				952123E4255A3E4500E547B5 /* MapVC.swift */,
				952123D4255A2EBB00E547B5 /* ViewController.swift */,
				952123D6255A2EBB00E547B5 /* Main.storyboard */,
				952123D9255A2EBE00E547B5 /* Assets.xcassets */,
				952123DB255A2EBE00E547B5 /* LaunchScreen.storyboard */,
				952123DE255A2EBE00E547B5 /* Info.plist */,
			);
			path = gApp;
			sourceTree = "<group>";
		};
		BC505A2F3D7A21C3D959E48C /* Pods */ = {
			isa = PBXGroup;
			children = (
				A46E34AB503A656823381170 /* Pods-gApp.debug.xcconfig */,
				10082C360E3D48D9D98985CA /* Pods-gApp.release.xcconfig */,
			);
			path = Pods;
			sourceTree = "<group>";
		};
		C58DFCE3E0D5DBE249C0EE30 /* Frameworks */ = {
			isa = PBXGroup;
			children = (
				9394AF8D1D956BF1056B0005 /* Pods_gApp.framework */,
			);
			name = Frameworks;
			sourceTree = "<group>";
		};
/* End PBXGroup section */

/* Begin PBXNativeTarget section */
		952123CE255A2EBB00E547B5 /* gApp */ = {
			isa = PBXNativeTarget;
			buildConfigurationList = 952123E1255A2EBE00E547B5 /* Build configuration list for PBXNativeTarget "gApp" */;
			buildPhases = (
				2E1656A6F3F42417B33D2D69 /* [CP] Check Pods Manifest.lock */,
				952123CB255A2EBB00E547B5 /* Sources */,
				952123CC255A2EBB00E547B5 /* Frameworks */,
				952123CD255A2EBB00E547B5 /* Resources */,
				B5890097BBA9C01E229AA0E2 /* [CP] Copy Pods Resources */,
			);
			buildRules = (
			);
			dependencies = (
			);
			name = gApp;
			productName = gApp;
			productReference = 952123CF255A2EBB00E547B5 /* gApp.app */;
			productType = "com.apple.product-type.application";
		};
/* End PBXNativeTarget section */

/* Begin PBXProject section */
		952123C7255A2EBB00E547B5 /* Project object */ = {
			isa = PBXProject;
			attributes = {
				LastSwiftUpdateCheck = 1010;
				LastUpgradeCheck = 1010;
				ORGANIZATIONNAME = "Hy Horng";
				TargetAttributes = {
					952123CE255A2EBB00E547B5 = {
						CreatedOnToolsVersion = 10.1;
					};
				};
			};
			buildConfigurationList = 952123CA255A2EBB00E547B5 /* Build configuration list for PBXProject "gApp" */;
			compatibilityVersion = "Xcode 9.3";
			developmentRegion = en;
			hasScannedForEncodings = 0;
			knownRegions = (
				en,
				Base,
			);
			mainGroup = 952123C6255A2EBB00E547B5;
			productRefGroup = 952123D0255A2EBB00E547B5 /* Products */;
			projectDirPath = "";
			projectRoot = "";
			targets = (
				952123CE255A2EBB00E547B5 /* gApp */,
			);
		};
/* End PBXProject section */

/* Begin PBXResourcesBuildPhase section */
		952123CD255A2EBB00E547B5 /* Resources */ = {
			isa = PBXResourcesBuildPhase;
			buildActionMask = 2147483647;
			files = (
				952123DD255A2EBE00E547B5 /* LaunchScreen.storyboard in Resources */,
				952123DA255A2EBE00E547B5 /* Assets.xcassets in Resources */,
				952123D8255A2EBB00E547B5 /* Main.storyboard in Resources */,
			);
			runOnlyForDeploymentPostprocessing = 0;
		};
/* End PBXResourcesBuildPhase section */

/* Begin PBXShellScriptBuildPhase section */
		2E1656A6F3F42417B33D2D69 /* [CP] Check Pods Manifest.lock */ = {
			isa = PBXShellScriptBuildPhase;
			buildActionMask = 2147483647;
			files = (
			);
			inputFileListPaths = (
			);
			inputPaths = (
				"${PODS_PODFILE_DIR_PATH}/Podfile.lock",
				"${PODS_ROOT}/Manifest.lock",
			);
			name = "[CP] Check Pods Manifest.lock";
			outputFileListPaths = (
			);
			outputPaths = (
				"$(DERIVED_FILE_DIR)/Pods-gApp-checkManifestLockResult.txt",
			);
			runOnlyForDeploymentPostprocessing = 0;
			shellPath = /bin/sh;
			shellScript = "diff \"${PODS_PODFILE_DIR_PATH}/Podfile.lock\" \"${PODS_ROOT}/Manifest.lock\" > /dev/null\nif [ $? != 0 ] ; then\n    # print error to STDERR\n    echo \"error: The sandbox is not in sync with the Podfile.lock. Run 'pod install' or update your CocoaPods installation.\" >&2\n    exit 1\nfi\n# This output is used by Xcode 'outputs' to avoid re-running this script phase.\necho \"SUCCESS\" > \"${SCRIPT_OUTPUT_FILE_0}\"\n";
			showEnvVarsInLog = 0;
		};
		B5890097BBA9C01E229AA0E2 /* [CP] Copy Pods Resources */ = {
			isa = PBXShellScriptBuildPhase;
			buildActionMask = 2147483647;
			files = (
			);
			inputFileListPaths = (
				"${PODS_ROOT}/Target Support Files/Pods-gApp/Pods-gApp-resources-${CONFIGURATION}-input-files.xcfilelist",
			);
			name = "[CP] Copy Pods Resources";
			outputFileListPaths = (
				"${PODS_ROOT}/Target Support Files/Pods-gApp/Pods-gApp-resources-${CONFIGURATION}-output-files.xcfilelist",
			);
			runOnlyForDeploymentPostprocessing = 0;
			shellPath = /bin/sh;
			shellScript = "\"${PODS_ROOT}/Target Support Files/Pods-gApp/Pods-gApp-resources.sh\"\n";
			showEnvVarsInLog = 0;
		};
/* End PBXShellScriptBuildPhase section */

/* Begin PBXSourcesBuildPhase section */
		952123CB255A2EBB00E547B5 /* Sources */ = {
			isa = PBXSourcesBuildPhase;
			buildActionMask = 2147483647;
			files = (
				952123D5255A2EBB00E547B5 /* ViewController.swift in Sources */,
				952123E5255A3E4500E547B5 /* MapVC.swift in Sources */,
				952123D3255A2EBB00E547B5 /* AppDelegate.swift in Sources */,
			);
			runOnlyForDeploymentPostprocessing = 0;
		};
/* End PBXSourcesBuildPhase section */

/* Begin PBXVariantGroup section */
		952123D6255A2EBB00E547B5 /* Main.storyboard */ = {
			isa = PBXVariantGroup;
			children = (
				952123D7255A2EBB00E547B5 /* Base */,
			);
			name = Main.storyboard;
			sourceTree = "<group>";
		};
		952123DB255A2EBE00E547B5 /* LaunchScreen.storyboard */ = {
			isa = PBXVariantGroup;
			children = (
				952123DC255A2EBE00E547B5 /* Base */,
			);
			name = LaunchScreen.storyboard;
			sourceTree = "<group>";
		};
/* End PBXVariantGroup section */

/* Begin XCBuildConfiguration section */
		952123DF255A2EBE00E547B5 /* Debug */ = {
			isa = XCBuildConfiguration;
			buildSettings = {
				ALWAYS_SEARCH_USER_PATHS = NO;
				CLANG_ANALYZER_NONNULL = YES;
				CLANG_ANALYZER_NUMBER_OBJECT_CONVERSION = YES_AGGRESSIVE;
				CLANG_CXX_LANGUAGE_STANDARD = "gnu++14";
				CLANG_CXX_LIBRARY = "libc++";
				CLANG_ENABLE_MODULES = YES;
				CLANG_ENABLE_OBJC_ARC = YES;
				CLANG_ENABLE_OBJC_WEAK = YES;
				CLANG_WARN_BLOCK_CAPTURE_AUTORELEASING = YES;
				CLANG_WARN_BOOL_CONVERSION = YES;
				CLANG_WARN_COMMA = YES;
				CLANG_WARN_CONSTANT_CONVERSION = YES;
				CLANG_WARN_DEPRECATED_OBJC_IMPLEMENTATIONS = YES;
				CLANG_WARN_DIRECT_OBJC_ISA_USAGE = YES_ERROR;
				CLANG_WARN_DOCUMENTATION_COMMENTS = YES;
				CLANG_WARN_EMPTY_BODY = YES;
				CLANG_WARN_ENUM_CONVERSION = YES;
				CLANG_WARN_INFINITE_RECURSION = YES;
				CLANG_WARN_INT_CONVERSION = YES;
				CLANG_WARN_NON_LITERAL_NULL_CONVERSION = YES;
				CLANG_WARN_OBJC_IMPLICIT_RETAIN_SELF = YES;
				CLANG_WARN_OBJC_LITERAL_CONVERSION = YES;
				CLANG_WARN_OBJC_ROOT_CLASS = YES_ERROR;
				CLANG_WARN_RANGE_LOOP_ANALYSIS = YES;
				CLANG_WARN_STRICT_PROTOTYPES = YES;
				CLANG_WARN_SUSPICIOUS_MOVE = YES;
				CLANG_WARN_UNGUARDED_AVAILABILITY = YES_AGGRESSIVE;
				CLANG_WARN_UNREACHABLE_CODE = YES;
				CLANG_WARN__DUPLICATE_METHOD_MATCH = YES;
				CODE_SIGN_IDENTITY = "iPhone Developer";
				COPY_PHASE_STRIP = NO;
				DEBUG_INFORMATION_FORMAT = dwarf;
				ENABLE_STRICT_OBJC_MSGSEND = YES;
				ENABLE_TESTABILITY = YES;
				GCC_C_LANGUAGE_STANDARD = gnu11;
				GCC_DYNAMIC_NO_PIC = NO;
				GCC_NO_COMMON_BLOCKS = YES;
				GCC_OPTIMIZATION_LEVEL = 0;
				GCC_PREPROCESSOR_DEFINITIONS = (
					"DEBUG=1",
					"$(inherited)",
				);
				GCC_WARN_64_TO_32_BIT_CONVERSION = YES;
				GCC_WARN_ABOUT_RETURN_TYPE = YES_ERROR;
				GCC_WARN_UNDECLARED_SELECTOR = YES;
				GCC_WARN_UNINITIALIZED_AUTOS = YES_AGGRESSIVE;
				GCC_WARN_UNUSED_FUNCTION = YES;
				GCC_WARN_UNUSED_VARIABLE = YES;
				IPHONEOS_DEPLOYMENT_TARGET = 12.1;
				MTL_ENABLE_DEBUG_INFO = INCLUDE_SOURCE;
				MTL_FAST_MATH = YES;
				ONLY_ACTIVE_ARCH = YES;
				SDKROOT = iphoneos;
				SWIFT_ACTIVE_COMPILATION_CONDITIONS = DEBUG;
				SWIFT_OPTIMIZATION_LEVEL = "-Onone";
			};
			name = Debug;
		};
		952123E0255A2EBE00E547B5 /* Release */ = {
			isa = XCBuildConfiguration;
			buildSettings = {
				ALWAYS_SEARCH_USER_PATHS = NO;
				CLANG_ANALYZER_NONNULL = YES;
				CLANG_ANALYZER_NUMBER_OBJECT_CONVERSION = YES_AGGRESSIVE;
				CLANG_CXX_LANGUAGE_STANDARD = "gnu++14";
				CLANG_CXX_LIBRARY = "libc++";
				CLANG_ENABLE_MODULES = YES;
				CLANG_ENABLE_OBJC_ARC = YES;
				CLANG_ENABLE_OBJC_WEAK = YES;
				CLANG_WARN_BLOCK_CAPTURE_AUTORELEASING = YES;
				CLANG_WARN_BOOL_CONVERSION = YES;
				CLANG_WARN_COMMA = YES;
				CLANG_WARN_CONSTANT_CONVERSION = YES;
				CLANG_WARN_DEPRECATED_OBJC_IMPLEMENTATIONS = YES;
				CLANG_WARN_DIRECT_OBJC_ISA_USAGE = YES_ERROR;
				CLANG_WARN_DOCUMENTATION_COMMENTS = YES;
				CLANG_WARN_EMPTY_BODY = YES;
				CLANG_WARN_ENUM_CONVERSION = YES;
				CLANG_WARN_INFINITE_RECURSION = YES;
				CLANG_WARN_INT_CONVERSION = YES;
				CLANG_WARN_NON_LITERAL_NULL_CONVERSION = YES;
				CLANG_WARN_OBJC_IMPLICIT_RETAIN_SELF = YES;
				CLANG_WARN_OBJC_LITERAL_CONVERSION = YES;
				CLANG_WARN_OBJC_ROOT_CLASS = YES_ERROR;
				CLANG_WARN_RANGE_LOOP_ANALYSIS = YES;
				CLANG_WARN_STRICT_PROTOTYPES = YES;
				CLANG_WARN_SUSPICIOUS_MOVE = YES;
				CLANG_WARN_UNGUARDED_AVAILABILITY = YES_AGGRESSIVE;
				CLANG_WARN_UNREACHABLE_CODE = YES;
				CLANG_WARN__DUPLICATE_METHOD_MATCH = YES;
				CODE_SIGN_IDENTITY = "iPhone Developer";
				COPY_PHASE_STRIP = NO;
				DEBUG_INFORMATION_FORMAT = "dwarf-with-dsym";
				ENABLE_NS_ASSERTIONS = NO;
				ENABLE_STRICT_OBJC_MSGSEND = YES;
				GCC_C_LANGUAGE_STANDARD = gnu11;
				GCC_NO_COMMON_BLOCKS = YES;
				GCC_WARN_64_TO_32_BIT_CONVERSION = YES;
				GCC_WARN_ABOUT_RETURN_TYPE = YES_ERROR;
				GCC_WARN_UNDECLARED_SELECTOR = YES;
				GCC_WARN_UNINITIALIZED_AUTOS = YES_AGGRESSIVE;
				GCC_WARN_UNUSED_FUNCTION = YES;
				GCC_WARN_UNUSED_VARIABLE = YES;
				IPHONEOS_DEPLOYMENT_TARGET = 12.1;
				MTL_ENABLE_DEBUG_INFO = NO;
				MTL_FAST_MATH = YES;
				SDKROOT = iphoneos;
				SWIFT_COMPILATION_MODE = wholemodule;
				SWIFT_OPTIMIZATION_LEVEL = "-O";
				VALIDATE_PRODUCT = YES;
			};
			name = Release;
		};
		952123E2255A2EBE00E547B5 /* Debug */ = {
			isa = XCBuildConfiguration;
			baseConfigurationReference = A46E34AB503A656823381170 /* Pods-gApp.debug.xcconfig */;
			buildSettings = {
				ASSETCATALOG_COMPILER_APPICON_NAME = AppIcon;
				CODE_SIGN_STYLE = Automatic;
				INFOPLIST_FILE = gApp/Info.plist;
				LD_RUNPATH_SEARCH_PATHS = (
					"$(inherited)",
					"@executable_path/Frameworks",
				);
				PRODUCT_BUNDLE_IDENTIFIER = Raveware.gApp;
				PRODUCT_NAME = "$(TARGET_NAME)";
				SWIFT_VERSION = 4.2;
				TARGETED_DEVICE_FAMILY = "1,2";
			};
			name = Debug;
		};
		952123E3255A2EBE00E547B5 /* Release */ = {
			isa = XCBuildConfiguration;
			baseConfigurationReference = 10082C360E3D48D9D98985CA /* Pods-gApp.release.xcconfig */;
			buildSettings = {
				ASSETCATALOG_COMPILER_APPICON_NAME = AppIcon;
				CODE_SIGN_STYLE = Automatic;
				INFOPLIST_FILE = gApp/Info.plist;
				LD_RUNPATH_SEARCH_PATHS = (
					"$(inherited)",
					"@executable_path/Frameworks",
				);
				PRODUCT_BUNDLE_IDENTIFIER = Raveware.gApp;
				PRODUCT_NAME = "$(TARGET_NAME)";
				SWIFT_VERSION = 4.2;
				TARGETED_DEVICE_FAMILY = "1,2";
			};
			name = Release;
		};
/* End XCBuildConfiguration section */

/* Begin XCConfigurationList section */
		952123CA255A2EBB00E547B5 /* Build configuration list for PBXProject "gApp" */ = {
			isa = XCConfigurationList;
			buildConfigurations = (
				952123DF255A2EBE00E547B5 /* Debug */,
				952123E0255A2EBE00E547B5 /* Release */,
			);
			defaultConfigurationIsVisible = 0;
			defaultConfigurationName = Release;
		};
		952123E1255A2EBE00E547B5 /* Build configuration list for PBXNativeTarget "gApp" */ = {
			isa = XCConfigurationList;
			buildConfigurations = (
				952123E2255A2EBE00E547B5 /* Debug */,
				952123E3255A2EBE00E547B5 /* Release */,
			);
			defaultConfigurationIsVisible = 0;
			defaultConfigurationName = Release;
		};
/* End XCConfigurationList section */
	};
	rootObject = 952123C7255A2EBB00E547B5 /* Project object */;
}
